// !$*UTF8*$!
{
	archiveVersion = 1;
	classes = {
	};
	objectVersion = 50;
	objects = {

/* Begin PBXBuildFile section */
		B6200FF624E51EF4001AFD7E /* AppDelegate.swift in Sources */ = {isa = PBXBuildFile; fileRef = B6200FF524E51EF4001AFD7E /* AppDelegate.swift */; };
		B6200FF824E51EF4001AFD7E /* SceneDelegate.swift in Sources */ = {isa = PBXBuildFile; fileRef = B6200FF724E51EF4001AFD7E /* SceneDelegate.swift */; };
		B6200FFA24E51EF4001AFD7E /* ViewController.swift in Sources */ = {isa = PBXBuildFile; fileRef = B6200FF924E51EF4001AFD7E /* ViewController.swift */; };
		B6200FFD24E51EF4001AFD7E /* Main.storyboard in Resources */ = {isa = PBXBuildFile; fileRef = B6200FFB24E51EF4001AFD7E /* Main.storyboard */; };
		B6200FFF24E51EF5001AFD7E /* Assets.xcassets in Resources */ = {isa = PBXBuildFile; fileRef = B6200FFE24E51EF5001AFD7E /* Assets.xcassets */; };
		B620100224E51EF5001AFD7E /* LaunchScreen.storyboard in Resources */ = {isa = PBXBuildFile; fileRef = B620100024E51EF5001AFD7E /* LaunchScreen.storyboard */; };
/* End PBXBuildFile section */

/* Begin PBXFileReference section */
		B6200FF224E51EF4001AFD7E /* QR Reader.app */ = {isa = PBXFileReference; explicitFileType = wrapper.application; includeInIndex = 0; path = "QR Reader.app"; sourceTree = BUILT_PRODUCTS_DIR; };
		B6200FF524E51EF4001AFD7E /* AppDelegate.swift */ = {isa = PBXFileReference; lastKnownFileType = sourcecode.swift; path = AppDelegate.swift; sourceTree = "<group>"; };
		B6200FF724E51EF4001AFD7E /* SceneDelegate.swift */ = {isa = PBXFileReference; lastKnownFileType = sourcecode.swift; path = SceneDelegate.swift; sourceTree = "<group>"; };
		B6200FF924E51EF4001AFD7E /* ViewController.swift */ = {isa = PBXFileReference; lastKnownFileType = sourcecode.swift; path = ViewController.swift; sourceTree = "<group>"; };
		B6200FFC24E51EF4001AFD7E /* Base */ = {isa = PBXFileReference; lastKnownFileType = file.storyboard; name = Base; path = Base.lproj/Main.storyboard; sourceTree = "<group>"; };
		B6200FFE24E51EF5001AFD7E /* Assets.xcassets */ = {isa = PBXFileReference; lastKnownFileType = folder.assetcatalog; path = Assets.xcassets; sourceTree = "<group>"; };
		B620100124E51EF5001AFD7E /* Base */ = {isa = PBXFileReference; lastKnownFileType = file.storyboard; name = Base; path = Base.lproj/LaunchScreen.storyboard; sourceTree = "<group>"; };
		B620100324E51EF5001AFD7E /* Info.plist */ = {isa = PBXFileReference; lastKnownFileType = text.plist.xml; path = Info.plist; sourceTree = "<group>"; };
/* End PBXFileReference section */

/* Begin PBXFrameworksBuildPhase section */
		B6200FEF24E51EF4001AFD7E /* Frameworks */ = {
			isa = PBXFrameworksBuildPhase;
			buildActionMask = 2147483647;
			files = (
			);
			runOnlyForDeploymentPostprocessing = 0;
		};
/* End PBXFrameworksBuildPhase section */

/* Begin PBXGroup section */
		B6200FE924E51EF3001AFD7E = {
			isa = PBXGroup;
			children = (
				B6200FF424E51EF4001AFD7E /* QR Reader */,
				B6200FF324E51EF4001AFD7E /* Products */,
			);
			sourceTree = "<group>";
		};
		B6200FF324E51EF4001AFD7E /* Products */ = {
			isa = PBXGroup;
			children = (
				B6200FF224E51EF4001AFD7E /* QR Reader.app */,
			);
			name = Products;
			sourceTree = "<group>";
		};
		B6200FF424E51EF4001AFD7E /* QR Reader */ = {
			isa = PBXGroup;
			children = (
				B6200FF524E51EF4001AFD7E /* AppDelegate.swift */,
				B6200FF724E51EF4001AFD7E /* SceneDelegate.swift */,
				B6200FF924E51EF4001AFD7E /* ViewController.swift */,
				B6200FFB24E51EF4001AFD7E /* Main.storyboard */,
				B6200FFE24E51EF5001AFD7E /* Assets.xcassets */,
				B620100024E51EF5001AFD7E /* LaunchScreen.storyboard */,
				B620100324E51EF5001AFD7E /* Info.plist */,
			);
			path = "QR Reader";
			sourceTree = "<group>";
		};
/* End PBXGroup section */

/* Begin PBXNativeTarget section */
		B6200FF124E51EF4001AFD7E /* QR Reader */ = {
			isa = PBXNativeTarget;
			buildConfigurationList = B620100624E51EF5001AFD7E /* Build configuration list for PBXNativeTarget "QR Reader" */;
			buildPhases = (
				B6200FEE24E51EF4001AFD7E /* Sources */,
				B6200FEF24E51EF4001AFD7E /* Frameworks */,
				B6200FF024E51EF4001AFD7E /* Resources */,
			);
			buildRules = (
			);
			dependencies = (
			);
			name = "QR Reader";
			productName = "QR Reader";
			productReference = B6200FF224E51EF4001AFD7E /* QR Reader.app */;
			productType = "com.apple.product-type.application";
		};
/* End PBXNativeTarget section */

/* Begin PBXProject section */
		B6200FEA24E51EF3001AFD7E /* Project object */ = {
			isa = PBXProject;
			attributes = {
				LastSwiftUpdateCheck = 1160;
				LastUpgradeCheck = 1160;
				ORGANIZATIONNAME = "Hamza Farooq";
				TargetAttributes = {
					B6200FF124E51EF4001AFD7E = {
						CreatedOnToolsVersion = 11.6;
					};
				};
			};
			buildConfigurationList = B6200FED24E51EF3001AFD7E /* Build configuration list for PBXProject "QR Reader" */;
			compatibilityVersion = "Xcode 9.3";
			developmentRegion = en;
			hasScannedForEncodings = 0;
			knownRegions = (
				en,
				Base,
			);
			mainGroup = B6200FE924E51EF3001AFD7E;
			productRefGroup = B6200FF324E51EF4001AFD7E /* Products */;
			projectDirPath = "";
			projectRoot = "";
			targets = (
				B6200FF124E51EF4001AFD7E /* QR Reader */,
			);
		};
/* End PBXProject section */

/* Begin PBXResourcesBuildPhase section */
		B6200FF024E51EF4001AFD7E /* Resources */ = {
			isa = PBXResourcesBuildPhase;
			buildActionMask = 2147483647;
			files = (
				B620100224E51EF5001AFD7E /* LaunchScreen.storyboard in Resources */,
				B6200FFF24E51EF5001AFD7E /* Assets.xcassets in Resources */,
				B6200FFD24E51EF4001AFD7E /* Main.storyboard in Resources */,
			);
			runOnlyForDeploymentPostprocessing = 0;
		};
/* End PBXResourcesBuildPhase section */

/* Begin PBXSourcesBuildPhase section */
		B6200FEE24E51EF4001AFD7E /* Sources */ = {
			isa = PBXSourcesBuildPhase;
			buildActionMask = 2147483647;
			files = (
				B6200FFA24E51EF4001AFD7E /* ViewController.swift in Sources */,
				B6200FF624E51EF4001AFD7E /* AppDelegate.swift in Sources */,
				B6200FF824E51EF4001AFD7E /* SceneDelegate.swift in Sources */,
			);
			runOnlyForDeploymentPostprocessing = 0;
		};
/* End PBXSourcesBuildPhase section */

/* Begin PBXVariantGroup section */
		B6200FFB24E51EF4001AFD7E /* Main.storyboard */ = {
			isa = PBXVariantGroup;
			children = (
				B6200FFC24E51EF4001AFD7E /* Base */,
			);
			name = Main.storyboard;
			sourceTree = "<group>";
		};
		B620100024E51EF5001AFD7E /* LaunchScreen.storyboard */ = {
			isa = PBXVariantGroup;
			children = (
				B620100124E51EF5001AFD7E /* Base */,
			);
			name = LaunchScreen.storyboard;
			sourceTree = "<group>";
		};
/* End PBXVariantGroup section */

/* Begin XCBuildConfiguration section */
		B620100424E51EF5001AFD7E /* Debug */ = {
			isa = XCBuildConfiguration;
			buildSettings = {
				ALWAYS_SEARCH_USER_PATHS = NO;
				CLANG_ANALYZER_NONNULL = YES;
				CLANG_ANALYZER_NUMBER_OBJECT_CONVERSION = YES_AGGRESSIVE;
				CLANG_CXX_LANGUAGE_STANDARD = "gnu++14";
				CLANG_CXX_LIBRARY = "libc++";
				CLANG_ENABLE_MODULES = YES;
				CLANG_ENABLE_OBJC_ARC = YES;
				CLANG_ENABLE_OBJC_WEAK = YES;
				CLANG_WARN_BLOCK_CAPTURE_AUTORELEASING = YES;
				CLANG_WARN_BOOL_CONVERSION = YES;
				CLANG_WARN_COMMA = YES;
				CLANG_WARN_CONSTANT_CONVERSION = YES;
				CLANG_WARN_DEPRECATED_OBJC_IMPLEMENTATIONS = YES;
				CLANG_WARN_DIRECT_OBJC_ISA_USAGE = YES_ERROR;
				CLANG_WARN_DOCUMENTATION_COMMENTS = YES;
				CLANG_WARN_EMPTY_BODY = YES;
				CLANG_WARN_ENUM_CONVERSION = YES;
				CLANG_WARN_INFINITE_RECURSION = YES;
				CLANG_WARN_INT_CONVERSION = YES;
				CLANG_WARN_NON_LITERAL_NULL_CONVERSION = YES;
				CLANG_WARN_OBJC_IMPLICIT_RETAIN_SELF = YES;
				CLANG_WARN_OBJC_LITERAL_CONVERSION = YES;
				CLANG_WARN_OBJC_ROOT_CLASS = YES_ERROR;
				CLANG_WARN_RANGE_LOOP_ANALYSIS = YES;
				CLANG_WARN_STRICT_PROTOTYPES = YES;
				CLANG_WARN_SUSPICIOUS_MOVE = YES;
				CLANG_WARN_UNGUARDED_AVAILABILITY = YES_AGGRESSIVE;
				CLANG_WARN_UNREACHABLE_CODE = YES;
				CLANG_WARN__DUPLICATE_METHOD_MATCH = YES;
				COPY_PHASE_STRIP = NO;
				DEBUG_INFORMATION_FORMAT = dwarf;
				ENABLE_STRICT_OBJC_MSGSEND = YES;
				ENABLE_TESTABILITY = YES;
				GCC_C_LANGUAGE_STANDARD = gnu11;
				GCC_DYNAMIC_NO_PIC = NO;
				GCC_NO_COMMON_BLOCKS = YES;
				GCC_OPTIMIZATION_LEVEL = 0;
				GCC_PREPROCESSOR_DEFINITIONS = (
					"DEBUG=1",
					"$(inherited)",
				);
				GCC_WARN_64_TO_32_BIT_CONVERSION = YES;
				GCC_WARN_ABOUT_RETURN_TYPE = YES_ERROR;
				GCC_WARN_UNDECLARED_SELECTOR = YES;
				GCC_WARN_UNINITIALIZED_AUTOS = YES_AGGRESSIVE;
				GCC_WARN_UNUSED_FUNCTION = YES;
				GCC_WARN_UNUSED_VARIABLE = YES;
				IPHONEOS_DEPLOYMENT_TARGET = 13.6;
				MTL_ENABLE_DEBUG_INFO = INCLUDE_SOURCE;
				MTL_FAST_MATH = YES;
				ONLY_ACTIVE_ARCH = YES;
				SDKROOT = iphoneos;
				SWIFT_ACTIVE_COMPILATION_CONDITIONS = DEBUG;
				SWIFT_OPTIMIZATION_LEVEL = "-Onone";
			};
			name = Debug;
		};
		B620100524E51EF5001AFD7E /* Release */ = {
			isa = XCBuildConfiguration;
			buildSettings = {
				ALWAYS_SEARCH_USER_PATHS = NO;
				CLANG_ANALYZER_NONNULL = YES;
				CLANG_ANALYZER_NUMBER_OBJECT_CONVERSION = YES_AGGRESSIVE;
				CLANG_CXX_LANGUAGE_STANDARD = "gnu++14";
				CLANG_CXX_LIBRARY = "libc++";
				CLANG_ENABLE_MODULES = YES;
				CLANG_ENABLE_OBJC_ARC = YES;
				CLANG_ENABLE_OBJC_WEAK = YES;
				CLANG_WARN_BLOCK_CAPTURE_AUTORELEASING = YES;
				CLANG_WARN_BOOL_CONVERSION = YES;
				CLANG_WARN_COMMA = YES;
				CLANG_WARN_CONSTANT_CONVERSION = YES;
				CLANG_WARN_DEPRECATED_OBJC_IMPLEMENTATIONS = YES;
				CLANG_WARN_DIRECT_OBJC_ISA_USAGE = YES_ERROR;
				CLANG_WARN_DOCUMENTATION_COMMENTS = YES;
				CLANG_WARN_EMPTY_BODY = YES;
				CLANG_WARN_ENUM_CONVERSION = YES;
				CLANG_WARN_INFINITE_RECURSION = YES;
				CLANG_WARN_INT_CONVERSION = YES;
				CLANG_WARN_NON_LITERAL_NULL_CONVERSION = YES;
				CLANG_WARN_OBJC_IMPLICIT_RETAIN_SELF = YES;
				CLANG_WARN_OBJC_LITERAL_CONVERSION = YES;
				CLANG_WARN_OBJC_ROOT_CLASS = YES_ERROR;
				CLANG_WARN_RANGE_LOOP_ANALYSIS = YES;
				CLANG_WARN_STRICT_PROTOTYPES = YES;
				CLANG_WARN_SUSPICIOUS_MOVE = YES;
				CLANG_WARN_UNGUARDED_AVAILABILITY = YES_AGGRESSIVE;
				CLANG_WARN_UNREACHABLE_CODE = YES;
				CLANG_WARN__DUPLICATE_METHOD_MATCH = YES;
				COPY_PHASE_STRIP = NO;
				DEBUG_INFORMATION_FORMAT = "dwarf-with-dsym";
				ENABLE_NS_ASSERTIONS = NO;
				ENABLE_STRICT_OBJC_MSGSEND = YES;
				GCC_C_LANGUAGE_STANDARD = gnu11;
				GCC_NO_COMMON_BLOCKS = YES;
				GCC_WARN_64_TO_32_BIT_CONVERSION = YES;
				GCC_WARN_ABOUT_RETURN_TYPE = YES_ERROR;
				GCC_WARN_UNDECLARED_SELECTOR = YES;
				GCC_WARN_UNINITIALIZED_AUTOS = YES_AGGRESSIVE;
				GCC_WARN_UNUSED_FUNCTION = YES;
				GCC_WARN_UNUSED_VARIABLE = YES;
				IPHONEOS_DEPLOYMENT_TARGET = 13.6;
				MTL_ENABLE_DEBUG_INFO = NO;
				MTL_FAST_MATH = YES;
				SDKROOT = iphoneos;
				SWIFT_COMPILATION_MODE = wholemodule;
				SWIFT_OPTIMIZATION_LEVEL = "-O";
				VALIDATE_PRODUCT = YES;
			};
			name = Release;
		};
		B620100724E51EF5001AFD7E /* Debug */ = {
			isa = XCBuildConfiguration;
			buildSettings = {
				ASSETCATALOG_COMPILER_APPICON_NAME = AppIcon;
				CODE_SIGN_STYLE = Automatic;
				INFOPLIST_FILE = "QR Reader/Info.plist";
				LD_RUNPATH_SEARCH_PATHS = (
					"$(inherited)",
					"@executable_path/Frameworks",
				);
				PRODUCT_BUNDLE_IDENTIFIER = "aliva.tech.QR-Reader";
				PRODUCT_NAME = "$(TARGET_NAME)";
				SWIFT_VERSION = 5.0;
				TARGETED_DEVICE_FAMILY = "1,2";
			};
			name = Debug;
		};
		B620100824E51EF5001AFD7E /* Release */ = {
			isa = XCBuildConfiguration;
			buildSettings = {
				ASSETCATALOG_COMPILER_APPICON_NAME = AppIcon;
				CODE_SIGN_STYLE = Automatic;
				INFOPLIST_FILE = "QR Reader/Info.plist";
				LD_RUNPATH_SEARCH_PATHS = (
					"$(inherited)",
					"@executable_path/Frameworks",
				);
				PRODUCT_BUNDLE_IDENTIFIER = "aliva.tech.QR-Reader";
				PRODUCT_NAME = "$(TARGET_NAME)";
				SWIFT_VERSION = 5.0;
				TARGETED_DEVICE_FAMILY = "1,2";
			};
			name = Release;
		};
/* End XCBuildConfiguration section */

/* Begin XCConfigurationList section */
		B6200FED24E51EF3001AFD7E /* Build configuration list for PBXProject "QR Reader" */ = {
			isa = XCConfigurationList;
			buildConfigurations = (
				B620100424E51EF5001AFD7E /* Debug */,
				B620100524E51EF5001AFD7E /* Release */,
			);
			defaultConfigurationIsVisible = 0;
			defaultConfigurationName = Release;
		};
		B620100624E51EF5001AFD7E /* Build configuration list for PBXNativeTarget "QR Reader" */ = {
			isa = XCConfigurationList;
			buildConfigurations = (
				B620100724E51EF5001AFD7E /* Debug */,
				B620100824E51EF5001AFD7E /* Release */,
			);
			defaultConfigurationIsVisible = 0;
			defaultConfigurationName = Release;
		};
/* End XCConfigurationList section */
	};
	rootObject = B6200FEA24E51EF3001AFD7E /* Project object */;
}
